// !$*UTF8*$!
{
	archiveVersion = 1;
	classes = {
	};
	objectVersion = 56;
	objects = {

/* Begin PBXBuildFile section */
		BA0161C22C3664DE00D4B525 /* Pjsip_Sample_AppApp.swift in Sources */ = {isa = PBXBuildFile; fileRef = BA0161C12C3664DE00D4B525 /* Pjsip_Sample_AppApp.swift */; };
		BA0161C42C3664DE00D4B525 /* ContentView.swift in Sources */ = {isa = PBXBuildFile; fileRef = BA0161C32C3664DE00D4B525 /* ContentView.swift */; };
		BA0161C62C3664DF00D4B525 /* Assets.xcassets in Resources */ = {isa = PBXBuildFile; fileRef = BA0161C52C3664DF00D4B525 /* Assets.xcassets */; };
		BA0161CA2C3664DF00D4B525 /* Preview Assets.xcassets in Resources */ = {isa = PBXBuildFile; fileRef = BA0161C92C3664DF00D4B525 /* Preview Assets.xcassets */; };
		BA0161DC2C37A78D00D4B525 /* wrapper.mm in Sources */ = {isa = PBXBuildFile; fileRef = BA0161D82C37A78D00D4B525 /* wrapper.mm */; };
		BA0161DD2C37A78D00D4B525 /* CustomPJSUA2.cpp in Sources */ = {isa = PBXBuildFile; fileRef = BA0161DA2C37A78D00D4B525 /* CustomPJSUA2.cpp */; };
/* End PBXBuildFile section */

/* Begin PBXFileReference section */
		BA0161BE2C3664DE00D4B525 /* Pjsip_Sample_App.app */ = {isa = PBXFileReference; explicitFileType = wrapper.application; includeInIndex = 0; path = Pjsip_Sample_App.app; sourceTree = BUILT_PRODUCTS_DIR; };
		BA0161C12C3664DE00D4B525 /* Pjsip_Sample_AppApp.swift */ = {isa = PBXFileReference; lastKnownFileType = sourcecode.swift; path = Pjsip_Sample_AppApp.swift; sourceTree = "<group>"; };
		BA0161C32C3664DE00D4B525 /* ContentView.swift */ = {isa = PBXFileReference; lastKnownFileType = sourcecode.swift; path = ContentView.swift; sourceTree = "<group>"; };
		BA0161C52C3664DF00D4B525 /* Assets.xcassets */ = {isa = PBXFileReference; lastKnownFileType = folder.assetcatalog; path = Assets.xcassets; sourceTree = "<group>"; };
		BA0161C72C3664DF00D4B525 /* Pjsip_Sample_App.entitlements */ = {isa = PBXFileReference; lastKnownFileType = text.plist.entitlements; path = Pjsip_Sample_App.entitlements; sourceTree = "<group>"; };
		BA0161C92C3664DF00D4B525 /* Preview Assets.xcassets */ = {isa = PBXFileReference; lastKnownFileType = folder.assetcatalog; path = "Preview Assets.xcassets"; sourceTree = "<group>"; };
		BA0161D72C37A78C00D4B525 /* Pjsip_Sample_App-Bridging-Header.h */ = {isa = PBXFileReference; lastKnownFileType = sourcecode.c.h; path = "Pjsip_Sample_App-Bridging-Header.h"; sourceTree = "<group>"; };
		BA0161D82C37A78D00D4B525 /* wrapper.mm */ = {isa = PBXFileReference; fileEncoding = 4; lastKnownFileType = sourcecode.cpp.objcpp; path = wrapper.mm; sourceTree = "<group>"; };
		BA0161D92C37A78D00D4B525 /* CustomPJSUA2.hpp */ = {isa = PBXFileReference; fileEncoding = 4; lastKnownFileType = sourcecode.cpp.h; path = CustomPJSUA2.hpp; sourceTree = "<group>"; };
		BA0161DA2C37A78D00D4B525 /* CustomPJSUA2.cpp */ = {isa = PBXFileReference; fileEncoding = 4; lastKnownFileType = sourcecode.cpp.cpp; path = CustomPJSUA2.cpp; sourceTree = "<group>"; };
		BA0161DB2C37A78D00D4B525 /* wrapper.h */ = {isa = PBXFileReference; fileEncoding = 4; lastKnownFileType = sourcecode.c.h; path = wrapper.h; sourceTree = "<group>"; };
/* End PBXFileReference section */

/* Begin PBXFrameworksBuildPhase section */
		BA0161BB2C3664DE00D4B525 /* Frameworks */ = {
			isa = PBXFrameworksBuildPhase;
			buildActionMask = 2147483647;
			files = (
			);
			runOnlyForDeploymentPostprocessing = 0;
		};
/* End PBXFrameworksBuildPhase section */

/* Begin PBXGroup section */
		BA0161B52C3664DE00D4B525 = {
			isa = PBXGroup;
			children = (
				BA0161C02C3664DE00D4B525 /* Pjsip_Sample_App */,
				BA0161BF2C3664DE00D4B525 /* Products */,
			);
			sourceTree = "<group>";
		};
		BA0161BF2C3664DE00D4B525 /* Products */ = {
			isa = PBXGroup;
			children = (
				BA0161BE2C3664DE00D4B525 /* Pjsip_Sample_App.app */,
			);
			name = Products;
			sourceTree = "<group>";
		};
		BA0161C02C3664DE00D4B525 /* Pjsip_Sample_App */ = {
			isa = PBXGroup;
			children = (
				BA0161DE2C37A79800D4B525 /* Pjsua2 */,
				BA0161C12C3664DE00D4B525 /* Pjsip_Sample_AppApp.swift */,
				BA0161C32C3664DE00D4B525 /* ContentView.swift */,
				BA0161C52C3664DF00D4B525 /* Assets.xcassets */,
				BA0161C72C3664DF00D4B525 /* Pjsip_Sample_App.entitlements */,
				BA0161C82C3664DF00D4B525 /* Preview Content */,
				BA0161D72C37A78C00D4B525 /* Pjsip_Sample_App-Bridging-Header.h */,
			);
			path = Pjsip_Sample_App;
			sourceTree = "<group>";
		};
		BA0161C82C3664DF00D4B525 /* Preview Content */ = {
			isa = PBXGroup;
			children = (
				BA0161C92C3664DF00D4B525 /* Preview Assets.xcassets */,
			);
			path = "Preview Content";
			sourceTree = "<group>";
		};
		BA0161DE2C37A79800D4B525 /* Pjsua2 */ = {
			isa = PBXGroup;
			children = (
				BA0161DA2C37A78D00D4B525 /* CustomPJSUA2.cpp */,
				BA0161D92C37A78D00D4B525 /* CustomPJSUA2.hpp */,
				BA0161DB2C37A78D00D4B525 /* wrapper.h */,
				BA0161D82C37A78D00D4B525 /* wrapper.mm */,
			);
			path = Pjsua2;
			sourceTree = "<group>";
		};
/* End PBXGroup section */

/* Begin PBXNativeTarget section */
		BA0161BD2C3664DE00D4B525 /* Pjsip_Sample_App */ = {
			isa = PBXNativeTarget;
			buildConfigurationList = BA0161CD2C3664DF00D4B525 /* Build configuration list for PBXNativeTarget "Pjsip_Sample_App" */;
			buildPhases = (
				BA0161BA2C3664DE00D4B525 /* Sources */,
				BA0161BB2C3664DE00D4B525 /* Frameworks */,
				BA0161BC2C3664DE00D4B525 /* Resources */,
			);
			buildRules = (
			);
			dependencies = (
			);
			name = Pjsip_Sample_App;
			productName = Pjsip_Sample_App;
			productReference = BA0161BE2C3664DE00D4B525 /* Pjsip_Sample_App.app */;
			productType = "com.apple.product-type.application";
		};
/* End PBXNativeTarget section */

/* Begin PBXProject section */
		BA0161B62C3664DE00D4B525 /* Project object */ = {
			isa = PBXProject;
			attributes = {
				BuildIndependentTargetsInParallel = 1;
				LastSwiftUpdateCheck = 1540;
				LastUpgradeCheck = 1540;
				TargetAttributes = {
					BA0161BD2C3664DE00D4B525 = {
						CreatedOnToolsVersion = 15.4;
						LastSwiftMigration = 1540;
					};
				};
			};
			buildConfigurationList = BA0161B92C3664DE00D4B525 /* Build configuration list for PBXProject "Pjsip_Sample_App" */;
			compatibilityVersion = "Xcode 14.0";
			developmentRegion = en;
			hasScannedForEncodings = 0;
			knownRegions = (
				en,
				Base,
			);
			mainGroup = BA0161B52C3664DE00D4B525;
			productRefGroup = BA0161BF2C3664DE00D4B525 /* Products */;
			projectDirPath = "";
			projectRoot = "";
			targets = (
				BA0161BD2C3664DE00D4B525 /* Pjsip_Sample_App */,
			);
		};
/* End PBXProject section */

/* Begin PBXResourcesBuildPhase section */
		BA0161BC2C3664DE00D4B525 /* Resources */ = {
			isa = PBXResourcesBuildPhase;
			buildActionMask = 2147483647;
			files = (
				BA0161CA2C3664DF00D4B525 /* Preview Assets.xcassets in Resources */,
				BA0161C62C3664DF00D4B525 /* Assets.xcassets in Resources */,
			);
			runOnlyForDeploymentPostprocessing = 0;
		};
/* End PBXResourcesBuildPhase section */

/* Begin PBXSourcesBuildPhase section */
		BA0161BA2C3664DE00D4B525 /* Sources */ = {
			isa = PBXSourcesBuildPhase;
			buildActionMask = 2147483647;
			files = (
				BA0161DC2C37A78D00D4B525 /* wrapper.mm in Sources */,
				BA0161DD2C37A78D00D4B525 /* CustomPJSUA2.cpp in Sources */,
				BA0161C42C3664DE00D4B525 /* ContentView.swift in Sources */,
				BA0161C22C3664DE00D4B525 /* Pjsip_Sample_AppApp.swift in Sources */,
			);
			runOnlyForDeploymentPostprocessing = 0;
		};
/* End PBXSourcesBuildPhase section */

/* Begin XCBuildConfiguration section */
		BA0161CB2C3664DF00D4B525 /* Debug */ = {
			isa = XCBuildConfiguration;
			buildSettings = {
				ALWAYS_SEARCH_USER_PATHS = NO;
				ASSETCATALOG_COMPILER_GENERATE_SWIFT_ASSET_SYMBOL_EXTENSIONS = YES;
				CLANG_ANALYZER_NONNULL = YES;
				CLANG_ANALYZER_NUMBER_OBJECT_CONVERSION = YES_AGGRESSIVE;
				CLANG_CXX_LANGUAGE_STANDARD = "gnu++20";
				CLANG_ENABLE_MODULES = YES;
				CLANG_ENABLE_OBJC_ARC = YES;
				CLANG_ENABLE_OBJC_WEAK = YES;
				CLANG_WARN_BLOCK_CAPTURE_AUTORELEASING = YES;
				CLANG_WARN_BOOL_CONVERSION = YES;
				CLANG_WARN_COMMA = YES;
				CLANG_WARN_CONSTANT_CONVERSION = YES;
				CLANG_WARN_DEPRECATED_OBJC_IMPLEMENTATIONS = YES;
				CLANG_WARN_DIRECT_OBJC_ISA_USAGE = YES_ERROR;
				CLANG_WARN_DOCUMENTATION_COMMENTS = YES;
				CLANG_WARN_EMPTY_BODY = YES;
				CLANG_WARN_ENUM_CONVERSION = YES;
				CLANG_WARN_INFINITE_RECURSION = YES;
				CLANG_WARN_INT_CONVERSION = YES;
				CLANG_WARN_NON_LITERAL_NULL_CONVERSION = YES;
				CLANG_WARN_OBJC_IMPLICIT_RETAIN_SELF = YES;
				CLANG_WARN_OBJC_LITERAL_CONVERSION = YES;
				CLANG_WARN_OBJC_ROOT_CLASS = YES_ERROR;
				CLANG_WARN_QUOTED_INCLUDE_IN_FRAMEWORK_HEADER = YES;
				CLANG_WARN_RANGE_LOOP_ANALYSIS = YES;
				CLANG_WARN_STRICT_PROTOTYPES = YES;
				CLANG_WARN_SUSPICIOUS_MOVE = YES;
				CLANG_WARN_UNGUARDED_AVAILABILITY = YES_AGGRESSIVE;
				CLANG_WARN_UNREACHABLE_CODE = YES;
				CLANG_WARN__DUPLICATE_METHOD_MATCH = YES;
				COPY_PHASE_STRIP = NO;
				DEBUG_INFORMATION_FORMAT = dwarf;
				ENABLE_STRICT_OBJC_MSGSEND = YES;
				ENABLE_TESTABILITY = YES;
				ENABLE_USER_SCRIPT_SANDBOXING = YES;
				GCC_C_LANGUAGE_STANDARD = gnu17;
				GCC_DYNAMIC_NO_PIC = NO;
				GCC_NO_COMMON_BLOCKS = YES;
				GCC_OPTIMIZATION_LEVEL = 0;
				GCC_PREPROCESSOR_DEFINITIONS = (
					"DEBUG=1",
					"$(inherited)",
				);
				GCC_WARN_64_TO_32_BIT_CONVERSION = YES;
				GCC_WARN_ABOUT_RETURN_TYPE = YES_ERROR;
				GCC_WARN_UNDECLARED_SELECTOR = YES;
				GCC_WARN_UNINITIALIZED_AUTOS = YES_AGGRESSIVE;
				GCC_WARN_UNUSED_FUNCTION = YES;
				GCC_WARN_UNUSED_VARIABLE = YES;
				HEADER_SEARCH_PATHS = "\"${SRCROOT}/\"";
				LOCALIZATION_PREFERS_STRING_CATALOGS = YES;
				MTL_ENABLE_DEBUG_INFO = INCLUDE_SOURCE;
				MTL_FAST_MATH = YES;
				ONLY_ACTIVE_ARCH = YES;
				SWIFT_ACTIVE_COMPILATION_CONDITIONS = "DEBUG $(inherited)";
				SWIFT_OPTIMIZATION_LEVEL = "-Onone";
			};
			name = Debug;
		};
		BA0161CC2C3664DF00D4B525 /* Release */ = {
			isa = XCBuildConfiguration;
			buildSettings = {
				ALWAYS_SEARCH_USER_PATHS = NO;
				ASSETCATALOG_COMPILER_GENERATE_SWIFT_ASSET_SYMBOL_EXTENSIONS = YES;
				CLANG_ANALYZER_NONNULL = YES;
				CLANG_ANALYZER_NUMBER_OBJECT_CONVERSION = YES_AGGRESSIVE;
				CLANG_CXX_LANGUAGE_STANDARD = "gnu++20";
				CLANG_ENABLE_MODULES = YES;
				CLANG_ENABLE_OBJC_ARC = YES;
				CLANG_ENABLE_OBJC_WEAK = YES;
				CLANG_WARN_BLOCK_CAPTURE_AUTORELEASING = YES;
				CLANG_WARN_BOOL_CONVERSION = YES;
				CLANG_WARN_COMMA = YES;
				CLANG_WARN_CONSTANT_CONVERSION = YES;
				CLANG_WARN_DEPRECATED_OBJC_IMPLEMENTATIONS = YES;
				CLANG_WARN_DIRECT_OBJC_ISA_USAGE = YES_ERROR;
				CLANG_WARN_DOCUMENTATION_COMMENTS = YES;
				CLANG_WARN_EMPTY_BODY = YES;
				CLANG_WARN_ENUM_CONVERSION = YES;
				CLANG_WARN_INFINITE_RECURSION = YES;
				CLANG_WARN_INT_CONVERSION = YES;
				CLANG_WARN_NON_LITERAL_NULL_CONVERSION = YES;
				CLANG_WARN_OBJC_IMPLICIT_RETAIN_SELF = YES;
				CLANG_WARN_OBJC_LITERAL_CONVERSION = YES;
				CLANG_WARN_OBJC_ROOT_CLASS = YES_ERROR;
				CLANG_WARN_QUOTED_INCLUDE_IN_FRAMEWORK_HEADER = YES;
				CLANG_WARN_RANGE_LOOP_ANALYSIS = YES;
				CLANG_WARN_STRICT_PROTOTYPES = YES;
				CLANG_WARN_SUSPICIOUS_MOVE = YES;
				CLANG_WARN_UNGUARDED_AVAILABILITY = YES_AGGRESSIVE;
				CLANG_WARN_UNREACHABLE_CODE = YES;
				CLANG_WARN__DUPLICATE_METHOD_MATCH = YES;
				COPY_PHASE_STRIP = NO;
				DEBUG_INFORMATION_FORMAT = "dwarf-with-dsym";
				ENABLE_NS_ASSERTIONS = NO;
				ENABLE_STRICT_OBJC_MSGSEND = YES;
				ENABLE_USER_SCRIPT_SANDBOXING = YES;
				GCC_C_LANGUAGE_STANDARD = gnu17;
				GCC_NO_COMMON_BLOCKS = YES;
				GCC_WARN_64_TO_32_BIT_CONVERSION = YES;
				GCC_WARN_ABOUT_RETURN_TYPE = YES_ERROR;
				GCC_WARN_UNDECLARED_SELECTOR = YES;
				GCC_WARN_UNINITIALIZED_AUTOS = YES_AGGRESSIVE;
				GCC_WARN_UNUSED_FUNCTION = YES;
				GCC_WARN_UNUSED_VARIABLE = YES;
				LOCALIZATION_PREFERS_STRING_CATALOGS = YES;
				MTL_ENABLE_DEBUG_INFO = NO;
				MTL_FAST_MATH = YES;
				SWIFT_COMPILATION_MODE = wholemodule;
			};
			name = Release;
		};
		BA0161CE2C3664DF00D4B525 /* Debug */ = {
			isa = XCBuildConfiguration;
			buildSettings = {
				ASSETCATALOG_COMPILER_APPICON_NAME = AppIcon;
				ASSETCATALOG_COMPILER_GLOBAL_ACCENT_COLOR_NAME = AccentColor;
				CLANG_ENABLE_MODULES = YES;
				CODE_SIGN_ENTITLEMENTS = Pjsip_Sample_App/Pjsip_Sample_App.entitlements;
				CODE_SIGN_STYLE = Automatic;
				CURRENT_PROJECT_VERSION = 1;
				DEVELOPMENT_ASSET_PATHS = "\"Pjsip_Sample_App/Preview Content\"";
				DEVELOPMENT_TEAM = NQ88SM2JT4;
				ENABLE_HARDENED_RUNTIME = YES;
				ENABLE_PREVIEWS = YES;
				GENERATE_INFOPLIST_FILE = YES;
				HEADER_SEARCH_PATHS = (
					"\"${SRCROOT}/PjsipLibrary/pjlib/include\"",
					"\"${SRCROOT}/PjsipLibrary/pjsip/include\"",
					"\"${SRCROOT}/PjsipLibrary/pjlib-util/include\"",
					"\"${SRCROOT}/PjsipLibrary/pjmedia/include\"",
					"\"${SRCROOT}//PjsipLibrary/pjnath/include\"",
					"\"${SRCROOT}/PjsipLibrary/third_party/include\"",
					"\"${SRCROOT}/Libraries\"",
					"\"${SRCROOT}\"",
					"\"${inherited}\"",
				);
				"INFOPLIST_KEY_UIApplicationSceneManifest_Generation[sdk=iphoneos*]" = YES;
				"INFOPLIST_KEY_UIApplicationSceneManifest_Generation[sdk=iphonesimulator*]" = YES;
				"INFOPLIST_KEY_UIApplicationSupportsIndirectInputEvents[sdk=iphoneos*]" = YES;
				"INFOPLIST_KEY_UIApplicationSupportsIndirectInputEvents[sdk=iphonesimulator*]" = YES;
				"INFOPLIST_KEY_UILaunchScreen_Generation[sdk=iphoneos*]" = YES;
				"INFOPLIST_KEY_UILaunchScreen_Generation[sdk=iphonesimulator*]" = YES;
				"INFOPLIST_KEY_UIStatusBarStyle[sdk=iphoneos*]" = UIStatusBarStyleDefault;
				"INFOPLIST_KEY_UIStatusBarStyle[sdk=iphonesimulator*]" = UIStatusBarStyleDefault;
				INFOPLIST_KEY_UISupportedInterfaceOrientations_iPad = "UIInterfaceOrientationPortrait UIInterfaceOrientationPortraitUpsideDown UIInterfaceOrientationLandscapeLeft UIInterfaceOrientationLandscapeRight";
				INFOPLIST_KEY_UISupportedInterfaceOrientations_iPhone = "UIInterfaceOrientationPortrait UIInterfaceOrientationLandscapeLeft UIInterfaceOrientationLandscapeRight";
				IPHONEOS_DEPLOYMENT_TARGET = 17.5;
				LD_RUNPATH_SEARCH_PATHS = "@executable_path/Frameworks";
				"LD_RUNPATH_SEARCH_PATHS[sdk=macosx*]" = "@executable_path/../Frameworks";
				LIBRARY_SEARCH_PATHS = (
					"\"${SRCROOT}/Pjsip_Sample_App/PjsipLibrary/pjlib/lib\"",
					"\"${SRCROOT}/Pjsip_Sample_App/PjsipLibrary/pjsip/lib\"",
					"\"${SRCROOT}/Pjsip_Sample_App/PjsipLibrary/pjlib-util/lib\"",
					"\"${SRCROOT}/Pjsip_Sample_App/PjsipLibrary/pjnath/lib\"",
					"\"${SRCROOT}/Pjsip_Sample_App/PjsipLibrary/pjmedia/lib\"",
					"\"${SRCROOT}/Pjsip_Sample_App/PjsipLibrary/third_partylib\"",
					"\"${SRCROOT}/Libraries\"",
					"\"${SRCROOT}\"",
				);
				MACOSX_DEPLOYMENT_TARGET = 14.3;
				MARKETING_VERSION = 1.0;
				PRODUCT_BUNDLE_IDENTIFIER = "com.has9Enosis.Pjsip-Sample-App";
				PRODUCT_NAME = "$(TARGET_NAME)";
				SDKROOT = auto;
				SUPPORTED_PLATFORMS = "iphoneos iphonesimulator macosx";
				SWIFT_EMIT_LOC_STRINGS = YES;
				SWIFT_OBJC_BRIDGING_HEADER = "Pjsip_Sample_App/Pjsip_Sample_App-Bridging-Header.h";
				SWIFT_OPTIMIZATION_LEVEL = "-Onone";
				SWIFT_VERSION = 5.0;
				TARGETED_DEVICE_FAMILY = "1,2";
			};
			name = Debug;
		};
		BA0161CF2C3664DF00D4B525 /* Release */ = {
			isa = XCBuildConfiguration;
			buildSettings = {
				ASSETCATALOG_COMPILER_APPICON_NAME = AppIcon;
				ASSETCATALOG_COMPILER_GLOBAL_ACCENT_COLOR_NAME = AccentColor;
				CLANG_ENABLE_MODULES = YES;
				CODE_SIGN_ENTITLEMENTS = Pjsip_Sample_App/Pjsip_Sample_App.entitlements;
				CODE_SIGN_STYLE = Automatic;
				CURRENT_PROJECT_VERSION = 1;
				DEVELOPMENT_ASSET_PATHS = "\"Pjsip_Sample_App/Preview Content\"";
				DEVELOPMENT_TEAM = NQ88SM2JT4;
				ENABLE_HARDENED_RUNTIME = YES;
				ENABLE_PREVIEWS = YES;
				GENERATE_INFOPLIST_FILE = YES;
				HEADER_SEARCH_PATHS = (
					"\"${SRCROOT}/PjsipLibrary/pjlib/include\"",
					"\"${SRCROOT}/PjsipLibrary/pjsip/include\"",
					"\"${SRCROOT}/PjsipLibrary/pjlib-util/include\"",
					"\"${SRCROOT}/PjsipLibrary/pjmedia/include\"",
					"\"${SRCROOT}//PjsipLibrary/pjnath/include\"",
					"\"${SRCROOT}/PjsipLibrary/third_party/include\"",
					"\"${SRCROOT}/Libraries\"",
					"\"${SRCROOT}\"",
					"\"${inherited}\"",
				);
				"INFOPLIST_KEY_UIApplicationSceneManifest_Generation[sdk=iphoneos*]" = YES;
				"INFOPLIST_KEY_UIApplicationSceneManifest_Generation[sdk=iphonesimulator*]" = YES;
				"INFOPLIST_KEY_UIApplicationSupportsIndirectInputEvents[sdk=iphoneos*]" = YES;
				"INFOPLIST_KEY_UIApplicationSupportsIndirectInputEvents[sdk=iphonesimulator*]" = YES;
				"INFOPLIST_KEY_UILaunchScreen_Generation[sdk=iphoneos*]" = YES;
				"INFOPLIST_KEY_UILaunchScreen_Generation[sdk=iphonesimulator*]" = YES;
				"INFOPLIST_KEY_UIStatusBarStyle[sdk=iphoneos*]" = UIStatusBarStyleDefault;
				"INFOPLIST_KEY_UIStatusBarStyle[sdk=iphonesimulator*]" = UIStatusBarStyleDefault;
				INFOPLIST_KEY_UISupportedInterfaceOrientations_iPad = "UIInterfaceOrientationPortrait UIInterfaceOrientationPortraitUpsideDown UIInterfaceOrientationLandscapeLeft UIInterfaceOrientationLandscapeRight";
				INFOPLIST_KEY_UISupportedInterfaceOrientations_iPhone = "UIInterfaceOrientationPortrait UIInterfaceOrientationLandscapeLeft UIInterfaceOrientationLandscapeRight";
				IPHONEOS_DEPLOYMENT_TARGET = 17.5;
				LD_RUNPATH_SEARCH_PATHS = "@executable_path/Frameworks";
				"LD_RUNPATH_SEARCH_PATHS[sdk=macosx*]" = "@executable_path/../Frameworks";
				LIBRARY_SEARCH_PATHS = (
					"\"${SRCROOT}/Pjsip_Sample_App/PjsipLibrary/pjlib/lib\"",
					"\"${SRCROOT}/Pjsip_Sample_App/PjsipLibrary/pjsip/lib\"",
					"\"${SRCROOT}/Pjsip_Sample_App/PjsipLibrary/pjlib-util/lib\"",
					"\"${SRCROOT}/Pjsip_Sample_App/PjsipLibrary/pjnath/lib\"",
					"\"${SRCROOT}/Pjsip_Sample_App/PjsipLibrary/pjmedia/lib\"",
					"\"${SRCROOT}/Pjsip_Sample_App/PjsipLibrary/third_partylib\"",
					"\"${SRCROOT}/Libraries\"",
					"\"${SRCROOT}\"",
				);
				MACOSX_DEPLOYMENT_TARGET = 14.3;
				MARKETING_VERSION = 1.0;
				PRODUCT_BUNDLE_IDENTIFIER = "com.has9Enosis.Pjsip-Sample-App";
				PRODUCT_NAME = "$(TARGET_NAME)";
				SDKROOT = auto;
				SUPPORTED_PLATFORMS = "iphoneos iphonesimulator macosx";
				SWIFT_EMIT_LOC_STRINGS = YES;
				SWIFT_OBJC_BRIDGING_HEADER = "Pjsip_Sample_App/Pjsip_Sample_App-Bridging-Header.h";
				SWIFT_VERSION = 5.0;
				TARGETED_DEVICE_FAMILY = "1,2";
			};
			name = Release;
		};
/* End XCBuildConfiguration section */

/* Begin XCConfigurationList section */
		BA0161B92C3664DE00D4B525 /* Build configuration list for PBXProject "Pjsip_Sample_App" */ = {
			isa = XCConfigurationList;
			buildConfigurations = (
				BA0161CB2C3664DF00D4B525 /* Debug */,
				BA0161CC2C3664DF00D4B525 /* Release */,
			);
			defaultConfigurationIsVisible = 0;
			defaultConfigurationName = Release;
		};
		BA0161CD2C3664DF00D4B525 /* Build configuration list for PBXNativeTarget "Pjsip_Sample_App" */ = {
			isa = XCConfigurationList;
			buildConfigurations = (
				BA0161CE2C3664DF00D4B525 /* Debug */,
				BA0161CF2C3664DF00D4B525 /* Release */,
			);
			defaultConfigurationIsVisible = 0;
			defaultConfigurationName = Release;
		};
/* End XCConfigurationList section */
	};
	rootObject = BA0161B62C3664DE00D4B525 /* Project object */;
}
